PODS:
  - AppAuth (0.92.0)
  - BigInt.swift (1.0.0)
  - Bitski (0.1.2):
    - AppAuth (~> 0.92)
    - BigInt.swift (~> 1.0)
    - PromiseKit/CorePromise (~> 6.0)
    - secp256k1.swift (~> 0.1)
    - Web3 (~> 0.2)
    - Web3/PromiseKit (~> 0.2)
  - CryptoSwift (0.10.0)
  - Mockingjay (2.0.1):
    - Mockingjay/Core (= 2.0.1)
    - Mockingjay/XCTest (= 2.0.1)
  - Mockingjay/Core (2.0.1):
    - URITemplate (~> 2.0)
  - Mockingjay/XCTest (2.0.1):
    - Mockingjay/Core
  - PromiseKit/CorePromise (6.2.6)
  - secp256k1.swift (0.1.4)
  - URITemplate (2.0.3)
  - Web3 (0.2.1):
    - Web3/Core (= 0.2.1)
    - Web3/HTTPExtension (= 0.2.1)
  - Web3/Core (0.2.1):
    - BigInt.swift (~> 1.0)
    - CryptoSwift (~> 0.8)
    - secp256k1.swift (~> 0.1)
  - Web3/HTTPExtension (0.2.1):
    - Web3/Core
  - Web3/PromiseKit (0.2.1):
    - PromiseKit/CorePromise (~> 6.0)
    - Web3/Core

DEPENDENCIES:
  - AppAuth
  - BigInt.swift
  - Bitski (from `../`)
  - Mockingjay
  - PromiseKit/CorePromise
  - Web3
  - Web3/PromiseKit

SPEC REPOS:
  https://github.com/cocoapods/specs.git:
    - AppAuth
    - BigInt.swift
    - CryptoSwift
    - Mockingjay
    - PromiseKit
    - secp256k1.swift
    - URITemplate
    - Web3

EXTERNAL SOURCES:
  Bitski:
    :path: "../"

SPEC CHECKSUMS:
  AppAuth: 3f4f1d6d85ad631d0bbf15ffcdc10c447face97a
  BigInt.swift: 1e0ddf08d82166e72dfb0fa8d40301d273081afc
  Bitski: e70e137a0bbb74d08c11729e7ad7cba9b46efcf6
  CryptoSwift: 6c778d69282bed3b4e975ff97a79d074f20bb011
  Mockingjay: 11a621880d2887f1775bdcf824341eb68f218450
  PromiseKit: 8245cb2e3a8fe00453e580bd4aafb57e1671f501
  secp256k1.swift: a7e7a214f6db6ce5db32cc6b2b45e5c4dd633634
  URITemplate: ace0c4c46dcf8afe6e89b4060621852886b15c3b
  Web3: bf3c71ce4be523136df63f484001f17cbfd639b1

PODFILE CHECKSUM: 6f76e5d1a4ad3bb9b3098a23713e78ab70f42631

COCOAPODS: 1.5.2
